
Microsoft Visual Studio Solution File, Format Version 12.00
# Visual Studio Version 16
VisualStudioVersion = 16.0.30503.244
MinimumVisualStudioVersion = 10.0.40219.1
Project("{FAE04EC0-301F-11D3-BF4B-00C04F79EFBC}") = "BloodClotIDStandAloneProcess", "BloodClotID\BloodClotIDStandAloneProcess.csproj", "{803CC709-E6ED-486C-A179-421A47F6D5FF}"
EndProject
Project("{FAE04EC0-301F-11D3-BF4B-00C04F79EFBC}") = "Utility", "Utility\Utility.csproj", "{C198C3F8-053C-4DA9-9EB8-E424CB882FAC}"
EndProject
Project("{FAE04EC0-301F-11D3-BF4B-00C04F79EFBC}") = "PieControls", "..\PieControls\PieControls.csproj", "{CEC6E596-D667-4068-BF48-188825F52C82}"
EndProject
Project("{FAE04EC0-301F-11D3-BF4B-00C04F79EFBC}") = "BloodClotID", "BloodClotID\BloodClotID.csproj", "{2C4954E3-2B0E-4283-9ECF-0835489A6D68}"
EndProject
Project("{FAE04EC0-301F-11D3-BF4B-00C04F79EFBC}") = "CreateImage", "CreateImage\CreateImage.csproj", "{2FDD131E-A4FC-439C-9DCF-E371DC6DA4C3}"
EndProject
Project("{FAE04EC0-301F-11D3-BF4B-00C04F79EFBC}") = "SplitImage", "SplitImage\SplitImage.csproj", "{6105D6FD-A9D3-4CCD-9E4B-0198AF441D11}"
EndProject
Project("{FAE04EC0-301F-11D3-BF4B-00C04F79EFBC}") = "AnalysisiLength", "AnalysisiLength\AnalysisiLength.csproj", "{AFB0C914-0B48-4DAB-9737-815D5701B7C7}"
EndProject
Global
	GlobalSection(SolutionConfigurationPlatforms) = preSolution
		Debug|Any CPU = Debug|Any CPU
		Debug|Mixed Platforms = Debug|Mixed Platforms
		Debug|Win32 = Debug|Win32
		Debug|x64 = Debug|x64
		Release|Any CPU = Release|Any CPU
		Release|Mixed Platforms = Release|Mixed Platforms
		Release|Win32 = Release|Win32
		Release|x64 = Release|x64
	EndGlobalSection
	GlobalSection(ProjectConfigurationPlatforms) = postSolution
		{803CC709-E6ED-486C-A179-421A47F6D5FF}.Debug|Any CPU.ActiveCfg = Debug|Any CPU
		{803CC709-E6ED-486C-A179-421A47F6D5FF}.Debug|Any CPU.Build.0 = Debug|Any CPU
		{803CC709-E6ED-486C-A179-421A47F6D5FF}.Debug|Mixed Platforms.ActiveCfg = Debug|Any CPU
		{803CC709-E6ED-486C-A179-421A47F6D5FF}.Debug|Mixed Platforms.Build.0 = Debug|Any CPU
		{803CC709-E6ED-486C-A179-421A47F6D5FF}.Debug|Win32.ActiveCfg = Debug|Any CPU
		{803CC709-E6ED-486C-A179-421A47F6D5FF}.Debug|x64.ActiveCfg = Debug|Any CPU
		{803CC709-E6ED-486C-A179-421A47F6D5FF}.Release|Any CPU.ActiveCfg = Release|Any CPU
		{803CC709-E6ED-486C-A179-421A47F6D5FF}.Release|Any CPU.Build.0 = Release|Any CPU
		{803CC709-E6ED-486C-A179-421A47F6D5FF}.Release|Mixed Platforms.ActiveCfg = Release|Any CPU
		{803CC709-E6ED-486C-A179-421A47F6D5FF}.Release|Mixed Platforms.Build.0 = Release|Any CPU
		{803CC709-E6ED-486C-A179-421A47F6D5FF}.Release|Win32.ActiveCfg = Release|Any CPU
		{803CC709-E6ED-486C-A179-421A47F6D5FF}.Release|x64.ActiveCfg = Release|Any CPU
		{C198C3F8-053C-4DA9-9EB8-E424CB882FAC}.Debug|Any CPU.ActiveCfg = Debug|Any CPU
		{C198C3F8-053C-4DA9-9EB8-E424CB882FAC}.Debug|Any CPU.Build.0 = Debug|Any CPU
		{C198C3F8-053C-4DA9-9EB8-E424CB882FAC}.Debug|Mixed Platforms.ActiveCfg = Debug|Any CPU
		{C198C3F8-053C-4DA9-9EB8-E424CB882FAC}.Debug|Mixed Platforms.Build.0 = Debug|Any CPU
		{C198C3F8-053C-4DA9-9EB8-E424CB882FAC}.Debug|Win32.ActiveCfg = Debug|Any CPU
		{C198C3F8-053C-4DA9-9EB8-E424CB882FAC}.Debug|Win32.Build.0 = Debug|Any CPU
		{C198C3F8-053C-4DA9-9EB8-E424CB882FAC}.Debug|x64.ActiveCfg = Debug|Any CPU
		{C198C3F8-053C-4DA9-9EB8-E424CB882FAC}.Release|Any CPU.ActiveCfg = Release|Any CPU
		{C198C3F8-053C-4DA9-9EB8-E424CB882FAC}.Release|Any CPU.Build.0 = Release|Any CPU
		{C198C3F8-053C-4DA9-9EB8-E424CB882FAC}.Release|Mixed Platforms.ActiveCfg = Release|Any CPU
		{C198C3F8-053C-4DA9-9EB8-E424CB882FAC}.Release|Mixed Platforms.Build.0 = Release|Any CPU
		{C198C3F8-053C-4DA9-9EB8-E424CB882FAC}.Release|Win32.ActiveCfg = Release|Any CPU
		{C198C3F8-053C-4DA9-9EB8-E424CB882FAC}.Release|Win32.Build.0 = Release|Any CPU
		{C198C3F8-053C-4DA9-9EB8-E424CB882FAC}.Release|x64.ActiveCfg = Release|Any CPU
		{CEC6E596-D667-4068-BF48-188825F52C82}.Debug|Any CPU.ActiveCfg = Debug|Any CPU
		{CEC6E596-D667-4068-BF48-188825F52C82}.Debug|Any CPU.Build.0 = Debug|Any CPU
		{CEC6E596-D667-4068-BF48-188825F52C82}.Debug|Mixed Platforms.ActiveCfg = Debug|Any CPU
		{CEC6E596-D667-4068-BF48-188825F52C82}.Debug|Mixed Platforms.Build.0 = Debug|Any CPU
		{CEC6E596-D667-4068-BF48-188825F52C82}.Debug|Win32.ActiveCfg = Debug|Any CPU
		{CEC6E596-D667-4068-BF48-188825F52C82}.Debug|Win32.Build.0 = Debug|Any CPU
		{CEC6E596-D667-4068-BF48-188825F52C82}.Debug|x64.ActiveCfg = Debug|Any CPU
		{CEC6E596-D667-4068-BF48-188825F52C82}.Release|Any CPU.ActiveCfg = Release|Any CPU
		{CEC6E596-D667-4068-BF48-188825F52C82}.Release|Any CPU.Build.0 = Release|Any CPU
		{CEC6E596-D667-4068-BF48-188825F52C82}.Release|Mixed Platforms.ActiveCfg = Release|Any CPU
		{CEC6E596-D667-4068-BF48-188825F52C82}.Release|Mixed Platforms.Build.0 = Release|Any CPU
		{CEC6E596-D667-4068-BF48-188825F52C82}.Release|Win32.ActiveCfg = Release|Any CPU
		{CEC6E596-D667-4068-BF48-188825F52C82}.Release|Win32.Build.0 = Release|Any CPU
		{CEC6E596-D667-4068-BF48-188825F52C82}.Release|x64.ActiveCfg = Release|Any CPU
		{2C4954E3-2B0E-4283-9ECF-0835489A6D68}.Debug|Any CPU.ActiveCfg = Debug|Any CPU
		{2C4954E3-2B0E-4283-9ECF-0835489A6D68}.Debug|Any CPU.Build.0 = Debug|Any CPU
		{2C4954E3-2B0E-4283-9ECF-0835489A6D68}.Debug|Mixed Platforms.ActiveCfg = Debug|Any CPU
		{2C4954E3-2B0E-4283-9ECF-0835489A6D68}.Debug|Mixed Platforms.Build.0 = Debug|Any CPU
		{2C4954E3-2B0E-4283-9ECF-0835489A6D68}.Debug|Win32.ActiveCfg = Debug|Any CPU
		{2C4954E3-2B0E-4283-9ECF-0835489A6D68}.Debug|x64.ActiveCfg = Debug|Any CPU
		{2C4954E3-2B0E-4283-9ECF-0835489A6D68}.Release|Any CPU.ActiveCfg = Release|Any CPU
		{2C4954E3-2B0E-4283-9ECF-0835489A6D68}.Release|Any CPU.Build.0 = Release|Any CPU
		{2C4954E3-2B0E-4283-9ECF-0835489A6D68}.Release|Mixed Platforms.ActiveCfg = Release|Any CPU
		{2C4954E3-2B0E-4283-9ECF-0835489A6D68}.Release|Mixed Platforms.Build.0 = Release|Any CPU
		{2C4954E3-2B0E-4283-9ECF-0835489A6D68}.Release|Win32.ActiveCfg = Release|Any CPU
		{2C4954E3-2B0E-4283-9ECF-0835489A6D68}.Release|x64.ActiveCfg = Release|Any CPU
		{2FDD131E-A4FC-439C-9DCF-E371DC6DA4C3}.Debug|Any CPU.ActiveCfg = Debug|Any CPU
		{2FDD131E-A4FC-439C-9DCF-E371DC6DA4C3}.Debug|Any CPU.Build.0 = Debug|Any CPU
		{2FDD131E-A4FC-439C-9DCF-E371DC6DA4C3}.Debug|Mixed Platforms.ActiveCfg = Debug|Any CPU
		{2FDD131E-A4FC-439C-9DCF-E371DC6DA4C3}.Debug|Mixed Platforms.Build.0 = Debug|Any CPU
		{2FDD131E-A4FC-439C-9DCF-E371DC6DA4C3}.Debug|Win32.ActiveCfg = Debug|Any CPU
		{2FDD131E-A4FC-439C-9DCF-E371DC6DA4C3}.Debug|x64.ActiveCfg = Debug|Any CPU
		{2FDD131E-A4FC-439C-9DCF-E371DC6DA4C3}.Release|Any CPU.ActiveCfg = Release|Any CPU
		{2FDD131E-A4FC-439C-9DCF-E371DC6DA4C3}.Release|Any CPU.Build.0 = Release|Any CPU
		{2FDD131E-A4FC-439C-9DCF-E371DC6DA4C3}.Release|Mixed Platforms.ActiveCfg = Release|Any CPU
		{2FDD131E-A4FC-439C-9DCF-E371DC6DA4C3}.Release|Mixed Platforms.Build.0 = Release|Any CPU
		{2FDD131E-A4FC-439C-9DCF-E371DC6DA4C3}.Release|Win32.ActiveCfg = Release|Any CPU
		{2FDD131E-A4FC-439C-9DCF-E371DC6DA4C3}.Release|x64.ActiveCfg = Release|Any CPU
		{6105D6FD-A9D3-4CCD-9E4B-0198AF441D11}.Debug|Any CPU.ActiveCfg = Debug|Any CPU
		{6105D6FD-A9D3-4CCD-9E4B-0198AF441D11}.Debug|Any CPU.Build.0 = Debug|Any CPU
		{6105D6FD-A9D3-4CCD-9E4B-0198AF441D11}.Debug|Mixed Platforms.ActiveCfg = Debug|Any CPU
		{6105D6FD-A9D3-4CCD-9E4B-0198AF441D11}.Debug|Mixed Platforms.Build.0 = Debug|Any CPU
		{6105D6FD-A9D3-4CCD-9E4B-0198AF441D11}.Debug|Win32.ActiveCfg = Debug|Any CPU
		{6105D6FD-A9D3-4CCD-9E4B-0198AF441D11}.Debug|Win32.Build.0 = Debug|Any CPU
		{6105D6FD-A9D3-4CCD-9E4B-0198AF441D11}.Debug|x64.ActiveCfg = Debug|Any CPU
		{6105D6FD-A9D3-4CCD-9E4B-0198AF441D11}.Debug|x64.Build.0 = Debug|Any CPU
		{6105D6FD-A9D3-4CCD-9E4B-0198AF441D11}.Release|Any CPU.ActiveCfg = Release|Any CPU
		{6105D6FD-A9D3-4CCD-9E4B-0198AF441D11}.Release|Any CPU.Build.0 = Release|Any CPU
		{6105D6FD-A9D3-4CCD-9E4B-0198AF441D11}.Release|Mixed Platforms.ActiveCfg = Release|Any CPU
		{6105D6FD-A9D3-4CCD-9E4B-0198AF441D11}.Release|Mixed Platforms.Build.0 = Release|Any CPU
		{6105D6FD-A9D3-4CCD-9E4B-0198AF441D11}.Release|Win32.ActiveCfg = Release|Any CPU
		{6105D6FD-A9D3-4CCD-9E4B-0198AF441D11}.Release|Win32.Build.0 = Release|Any CPU
		{6105D6FD-A9D3-4CCD-9E4B-0198AF441D11}.Release|x64.ActiveCfg = Release|Any CPU
		{6105D6FD-A9D3-4CCD-9E4B-0198AF441D11}.Release|x64.Build.0 = Release|Any CPU
		{AFB0C914-0B48-4DAB-9737-815D5701B7C7}.Debug|Any CPU.ActiveCfg = Debug|Any CPU
		{AFB0C914-0B48-4DAB-9737-815D5701B7C7}.Debug|Any CPU.Build.0 = Debug|Any CPU
		{AFB0C914-0B48-4DAB-9737-815D5701B7C7}.Debug|Mixed Platforms.ActiveCfg = Debug|Any CPU
		{AFB0C914-0B48-4DAB-9737-815D5701B7C7}.Debug|Mixed Platforms.Build.0 = Debug|Any CPU
		{AFB0C914-0B48-4DAB-9737-815D5701B7C7}.Debug|Win32.ActiveCfg = Debug|Any CPU
		{AFB0C914-0B48-4DAB-9737-815D5701B7C7}.Debug|Win32.Build.0 = Debug|Any CPU
		{AFB0C914-0B48-4DAB-9737-815D5701B7C7}.Debug|x64.ActiveCfg = Debug|Any CPU
		{AFB0C914-0B48-4DAB-9737-815D5701B7C7}.Debug|x64.Build.0 = Debug|Any CPU
		{AFB0C914-0B48-4DAB-9737-815D5701B7C7}.Release|Any CPU.ActiveCfg = Release|Any CPU
		{AFB0C914-0B48-4DAB-9737-815D5701B7C7}.Release|Any CPU.Build.0 = Release|Any CPU
		{AFB0C914-0B48-4DAB-9737-815D5701B7C7}.Release|Mixed Platforms.ActiveCfg = Release|Any CPU
		{AFB0C914-0B48-4DAB-9737-815D5701B7C7}.Release|Mixed Platforms.Build.0 = Release|Any CPU
		{AFB0C914-0B48-4DAB-9737-815D5701B7C7}.Release|Win32.ActiveCfg = Release|Any CPU
		{AFB0C914-0B48-4DAB-9737-815D5701B7C7}.Release|Win32.Build.0 = Release|Any CPU
		{AFB0C914-0B48-4DAB-9737-815D5701B7C7}.Release|x64.ActiveCfg = Release|Any CPU
		{AFB0C914-0B48-4DAB-9737-815D5701B7C7}.Release|x64.Build.0 = Release|Any CPU
	EndGlobalSection
	GlobalSection(SolutionProperties) = preSolution
		HideSolutionNode = FALSE
	EndGlobalSection
	GlobalSection(ExtensibilityGlobals) = postSolution
		SolutionGuid = {2A82250D-7007-44D6-8CFB-247ECAF86F0E}
	EndGlobalSection
EndGlobal
